
Microsoft Visual Studio Solution File, Format Version 12.00
# Visual Studio Version 17
VisualStudioVersion = 17.9.34728.123
MinimumVisualStudioVersion = 10.0.40219.1
Project("{9A19103F-16F7-4668-BE54-9A1E7A4F7556}") = "Abstract Classes", "Abstruct Classes\Abstract Classes.csproj", "{DF7B14D8-F1E9-47DF-AF78-013F91F5251A}"
EndProject
Global
	GlobalSection(SolutionConfigurationPlatforms) = preSolution
		Debug|Any CPU = Debug|Any CPU
		Release|Any CPU = Release|Any CPU
	EndGlobalSection
	GlobalSection(ProjectConfigurationPlatforms) = postSolution
		{DF7B14D8-F1E9-47DF-AF78-013F91F5251A}.Debug|Any CPU.ActiveCfg = Debug|Any CPU
		{DF7B14D8-F1E9-47DF-AF78-013F91F5251A}.Debug|Any CPU.Build.0 = Debug|Any CPU
		{DF7B14D8-F1E9-47DF-AF78-013F91F5251A}.Release|Any CPU.ActiveCfg = Release|Any CPU
		{DF7B14D8-F1E9-47DF-AF78-013F91F5251A}.Release|Any CPU.Build.0 = Release|Any CPU
	EndGlobalSection
	GlobalSection(SolutionProperties) = preSolution
		HideSolutionNode = FALSE
	EndGlobalSection
	GlobalSection(ExtensibilityGlobals) = postSolution
		SolutionGuid = {669D12D5-3AD9-4F2B-91F3-68AC04EB039E}
	EndGlobalSection
EndGlobal
